{
  "name": "mr-mush",
  "version": "1.1.0b",
  "lockfileVersion": 3,
  "requires": true,
  "packages": {
    "": {
      "name": "mr-mush",
      "version": "1.1.0b",
      "dependencies": {
        "@clack/prompts": "^0.9.1",
        "@messageformat/core": "^3.4.0",
        "chalk": "^5.4.1",
        "figures": "^6.1.0",
        "smol-toml": "^1.6.1",
        "yaml": "^2.8.3",
        "zod": "^4.3.6"
      },
      "bin": {
        "mr-mush": "bin/mr-mush.js",
        "mrmush": "bin/mr-mush.js"
      }
    },
    "node_modules/@clack/core": {
      "version": "0.4.1",
      "resolved": "https://registry.npmjs.org/@clack/core/-/core-0.4.1.tgz",
      "integrity": "sha512-Pxhij4UXg8KSr7rPek6Zowm+5M22rbd2g1nfojHJkxp5YkFqiZ2+YLEM/XGVIzvGOcM0nqjIFxrpDwWRZYWYjA==",
      "license": "MIT",
      "dependencies": {
        "picocolors": "^1.0.0",
        "sisteransi": "^1.0.5"
      }
    },
    "node_modules/@clack/prompts": {
      "version": "0.9.1",
      "resolved": "https://registry.npmjs.org/@clack/prompts/-/prompts-0.9.1.tgz",
      "integrity": "sha512-JIpyaboYZeWYlyP0H+OoPPxd6nqueG/CmN6ixBiNFsIDHREevjIf0n0Ohh5gr5C8pEDknzgvz+pIJ8dMhzWIeg==",
      "license": "MIT",
      "dependencies": {
        "@clack/core": "0.4.1",
        "picocolors": "^1.0.0",
        "sisteransi": "^1.0.5"
      }
    },
    "node_modules/@messageformat/core": {
      "version": "3.4.0",
      "resolved": "https://registry.npmjs.org/@messageformat/core/-/core-3.4.0.tgz",
      "integrity": "sha512-NgCFubFFIdMWJGN5WuQhHCNmzk7QgiVfrViFxcS99j7F5dDS5EP6raR54I+2ydhe4+5/XTn/YIEppFaqqVWHsw==",
      "license": "MIT",
      "dependencies": {
        "@messageformat/date-skeleton": "^1.0.0",
        "@messageformat/number-skeleton": "^1.0.0",
        "@messageformat/parser": "^5.1.0",
        "@messageformat/runtime": "^3.0.1",
        "make-plural": "^7.0.0",
        "safe-identifier": "^0.4.1"
      }
    },
    "node_modules/@messageformat/date-skeleton": {
      "version": "1.1.0",
      "resolved": "https://registry.npmjs.org/@messageformat/date-skeleton/-/date-skeleton-1.1.0.tgz",
      "integrity": "sha512-rmGAfB1tIPER+gh3p/RgA+PVeRE/gxuQ2w4snFWPF5xtb5mbWR7Cbw7wCOftcUypbD6HVoxrVdyyghPm3WzP5A==",
      "license": "MIT"
    },
    "node_modules/@messageformat/number-skeleton": {
      "version": "1.2.0",
      "resolved": "https://registry.npmjs.org/@messageformat/number-skeleton/-/number-skeleton-1.2.0.tgz",
      "integrity": "sha512-xsgwcL7J7WhlHJ3RNbaVgssaIwcEyFkBqxHdcdaiJzwTZAWEOD8BuUFxnxV9k5S0qHN3v/KzUpq0IUpjH1seRg==",
      "license": "MIT"
    },
    "node_modules/@messageformat/parser": {
      "version": "5.1.1",
      "resolved": "https://registry.npmjs.org/@messageformat/parser/-/parser-5.1.1.tgz",
      "integrity": "sha512-3p0YRGCcTUCYvBKLIxtDDyrJ0YijGIwrTRu1DT8gIviIDZru8H23+FkY6MJBzM1n9n20CiM4VeDYuBsrrwnLjg==",
      "license": "MIT",
      "dependencies": {
        "moo": "^0.5.1"
      }
    },
    "node_modules/@messageformat/runtime": {
      "version": "3.0.2",
      "resolved": "https://registry.npmjs.org/@messageformat/runtime/-/runtime-3.0.2.tgz",
      "integrity": "sha512-dkIPDCjXcfhSHgNE1/qV6TeczQZR59Yx0xXeafVKgK3QVWoxc38ljwpksUpnzCGvN151KUbCJTDZVmahtf1YZw==",
      "license": "MIT",
      "dependencies": {
        "make-plural": "^7.0.0"
      }
    },
    "node_modules/chalk": {
      "version": "5.6.2",
      "resolved": "https://registry.npmjs.org/chalk/-/chalk-5.6.2.tgz",
      "integrity": "sha512-7NzBL0rN6fMUW+f7A6Io4h40qQlG+xGmtMxfbnH/K7TAtt8JQWVQK+6g0UXKMeVJoyV5EkkNsErQ8pVD3bLHbA==",
      "license": "MIT",
      "engines": {
        "node": "^12.17.0 || ^14.13 || >=16.0.0"
      },
      "funding": {
        "url": "https://github.com/chalk/chalk?sponsor=1"
      }
    },
    "node_modules/figures": {
      "version": "6.1.0",
      "resolved": "https://registry.npmjs.org/figures/-/figures-6.1.0.tgz",
      "integrity": "sha512-d+l3qxjSesT4V7v2fh+QnmFnUWv9lSpjarhShNTgBOfA0ttejbQUAlHLitbjkoRiDulW0OPoQPYIGhIC8ohejg==",
      "license": "MIT",
      "dependencies": {
        "is-unicode-supported": "^2.0.0"
      },
      "engines": {
        "node": ">=18"
      },
      "funding": {
        "url": "https://github.com/sponsors/sindresorhus"
      }
    },
    "node_modules/is-unicode-supported": {
      "version": "2.1.0",
      "resolved": "https://registry.npmjs.org/is-unicode-supported/-/is-unicode-supported-2.1.0.tgz",
      "integrity": "sha512-mE00Gnza5EEB3Ds0HfMyllZzbBrmLOX3vfWoj9A9PEnTfratQ/BcaJOuMhnkhjXvb2+FkY3VuHqtAGpTPmglFQ==",
      "license": "MIT",
      "engines": {
        "node": ">=18"
      },
      "funding": {
        "url": "https://github.com/sponsors/sindresorhus"
      }
    },
    "node_modules/make-plural": {
      "version": "7.5.0",
      "resolved": "https://registry.npmjs.org/make-plural/-/make-plural-7.5.0.tgz",
      "integrity": "sha512-0booA+aVYyVFoR67JBHdfVk0U08HmrBH2FrtmBqBa+NldlqXv/G2Z9VQuQq6Wgp2jDWdybEWGfBkk1cq5264WA==",
      "license": "Unicode-DFS-2016"
    },
    "node_modules/moo": {
      "version": "0.5.3",
      "resolved": "https://registry.npmjs.org/moo/-/moo-0.5.3.tgz",
      "integrity": "sha512-m2fmM2dDm7GZQsY7KK2cme8agi+AAljILjQnof7p1ZMDe6dQ4bdnSMx0cPppudoeNv5hEFQirN6u+O4fDE0IWA==",
      "license": "BSD-3-Clause"
    },
    "node_modules/picocolors": {
      "version": "1.1.1",
      "resolved": "https://registry.npmjs.org/picocolors/-/picocolors-1.1.1.tgz",
      "integrity": "sha512-xceH2snhtb5M9liqDsmEw56le376mTZkEX/jEb/RxNFyegNul7eNslCXP9FDj/Lcu0X8KEyMceP2ntpaHrDEVA==",
      "license": "ISC"
    },
    "node_modules/safe-identifier": {
      "version": "0.4.2",
      "resolved": "https://registry.npmjs.org/safe-identifier/-/safe-identifier-0.4.2.tgz",
      "integrity": "sha512-6pNbSMW6OhAi9j+N8V+U715yBQsaWJ7eyEUaOrawX+isg5ZxhUlV1NipNtgaKHmFGiABwt+ZF04Ii+3Xjkg+8w==",
      "license": "ISC"
    },
    "node_modules/sisteransi": {
      "version": "1.0.5",
      "resolved": "https://registry.npmjs.org/sisteransi/-/sisteransi-1.0.5.tgz",
      "integrity": "sha512-bLGGlR1QxBcynn2d5YmDX4MGjlZvy2MRBDRNHLJ8VI6l6+9FUiyTFNJ0IveOSP0bcXgVDPRcfGqA0pjaqUpfVg==",
      "license": "MIT"
    },
    "node_modules/smol-toml": {
      "version": "1.6.1",
      "resolved": "https://registry.npmjs.org/smol-toml/-/smol-toml-1.6.1.tgz",
      "integrity": "sha512-dWUG8F5sIIARXih1DTaQAX4SsiTXhInKf1buxdY9DIg4ZYPZK5nGM1VRIYmEbDbsHt7USo99xSLFu5Q1IqTmsg==",
      "license": "BSD-3-Clause",
      "engines": {
        "node": ">= 18"
      },
      "funding": {
        "url": "https://github.com/sponsors/cyyynthia"
      }
    },
    "node_modules/yaml": {
      "version": "2.8.3",
      "resolved": "https://registry.npmjs.org/yaml/-/yaml-2.8.3.tgz",
      "integrity": "sha512-AvbaCLOO2Otw/lW5bmh9d/WEdcDFdQp2Z2ZUH3pX9U2ihyUY0nvLv7J6TrWowklRGPYbB/IuIMfYgxaCPg5Bpg==",
      "license": "ISC",
      "bin": {
        "yaml": "bin.mjs"
      },
      "engines": {
        "node": ">= 14.6"
      },
      "funding": {
        "url": "https://github.com/sponsors/eemeli"
      }
    },
    "node_modules/zod": {
      "version": "4.3.6",
      "resolved": "https://registry.npmjs.org/zod/-/zod-4.3.6.tgz",
      "integrity": "sha512-rftlrkhHZOcjDwkGlnUtZZkvaPHCsDATp4pGpuOOMDaTdDDXF91wuVDJoWoPsKX/3YPQ5fHuF3STjcYyKr+Qhg==",
      "license": "MIT",
      "funding": {
        "url": "https://github.com/sponsors/colinhacks"
      }
    }
  }
}
